
Microsoft Visual Studio Solution File, Format Version 12.00
# Visual Studio Version 17
VisualStudioVersion = 17.8.34330.188
MinimumVisualStudioVersion = 10.0.40219.1
Project("{FAE04EC0-301F-11D3-BF4B-00C04F79EFBC}") = "Builder-Pattern", "Design_Patterns\Builder-Pattern.csproj", "{469EE11D-7121-4A61-B6EE-913D4840FC9A}"
EndProject
Global
	GlobalSection(SolutionConfigurationPlatforms) = preSolution
		Debug|Any CPU = Debug|Any CPU
		Release|Any CPU = Release|Any CPU
	EndGlobalSection
	GlobalSection(ProjectConfigurationPlatforms) = postSolution
		{469EE11D-7121-4A61-B6EE-913D4840FC9A}.Debug|Any CPU.ActiveCfg = Debug|Any CPU
		{469EE11D-7121-4A61-B6EE-913D4840FC9A}.Debug|Any CPU.Build.0 = Debug|Any CPU
		{469EE11D-7121-4A61-B6EE-913D4840FC9A}.Release|Any CPU.ActiveCfg = Release|Any CPU
		{469EE11D-7121-4A61-B6EE-913D4840FC9A}.Release|Any CPU.Build.0 = Release|Any CPU
	EndGlobalSection
	GlobalSection(SolutionProperties) = preSolution
		HideSolutionNode = FALSE
	EndGlobalSection
	GlobalSection(ExtensibilityGlobals) = postSolution
		SolutionGuid = {7BCF55EC-4A99-43E8-A481-4990B2918720}
	EndGlobalSection
EndGlobal
